
Microsoft Visual Studio Solution File, Format Version 12.00
# Visual Studio 15
VisualStudioVersion = 15.0.28010.2026
MinimumVisualStudioVersion = 10.0.40219.1
Project("{FAE04EC0-301F-11D3-BF4B-00C04F79EFBC}") = "EjercicioExamen1", "EjercicioExamen1\EjercicioExamen1.csproj", "{4C8AE7FD-336D-4665-BE0A-0CAEEB650A24}"
EndProject
Global
	GlobalSection(SolutionConfigurationPlatforms) = preSolution
		Debug|Any CPU = Debug|Any CPU
		Release|Any CPU = Release|Any CPU
	EndGlobalSection
	GlobalSection(ProjectConfigurationPlatforms) = postSolution
		{4C8AE7FD-336D-4665-BE0A-0CAEEB650A24}.Debug|Any CPU.ActiveCfg = Debug|Any CPU
		{4C8AE7FD-336D-4665-BE0A-0CAEEB650A24}.Debug|Any CPU.Build.0 = Debug|Any CPU
		{4C8AE7FD-336D-4665-BE0A-0CAEEB650A24}.Release|Any CPU.ActiveCfg = Release|Any CPU
		{4C8AE7FD-336D-4665-BE0A-0CAEEB650A24}.Release|Any CPU.Build.0 = Release|Any CPU
	EndGlobalSection
	GlobalSection(SolutionProperties) = preSolution
		HideSolutionNode = FALSE
	EndGlobalSection
	GlobalSection(ExtensibilityGlobals) = postSolution
		SolutionGuid = {8B868645-D5E7-43BE-9CD6-56E118B7BA84}
	EndGlobalSection
EndGlobal
